
Microsoft Visual Studio Solution File, Format Version 12.00
Project("{FAE04EC0-301F-11D3-BF4B-00C04F79EFBC}") = "Guards", "Guards.csproj", "{EDA3CE45-5B01-4309-9050-4099CDBB4B07}"
EndProject
Global
	GlobalSection(SolutionConfigurationPlatforms) = preSolution
		Debug|Any CPU = Debug|Any CPU
		Release|Any CPU = Release|Any CPU
	EndGlobalSection
	GlobalSection(ProjectConfigurationPlatforms) = postSolution
		{EDA3CE45-5B01-4309-9050-4099CDBB4B07}.Debug|Any CPU.ActiveCfg = Debug|Any CPU
		{EDA3CE45-5B01-4309-9050-4099CDBB4B07}.Debug|Any CPU.Build.0 = Debug|Any CPU
		{EDA3CE45-5B01-4309-9050-4099CDBB4B07}.Release|Any CPU.ActiveCfg = Release|Any CPU
		{EDA3CE45-5B01-4309-9050-4099CDBB4B07}.Release|Any CPU.Build.0 = Release|Any CPU
	EndGlobalSection
EndGlobal
