
Microsoft Visual Studio Solution File, Format Version 12.00
Project("{FAE04EC0-301F-11D3-BF4B-00C04F79EFBC}") = "FyroxLite", "Player\FyroxLite.csproj", "{440868BA-6472-49A7-B877-710267FA51FC}"
EndProject
Project("{FAE04EC0-301F-11D3-BF4B-00C04F79EFBC}") = "FyroxLiteEditor", "Editor\FyroxLiteEditor.csproj", "{4D986C52-C802-4528-AB64-425F1C5E2358}"
EndProject
Project("{FAE04EC0-301F-11D3-BF4B-00C04F79EFBC}") = "FyroxLitePlayer", "FyroxLitePlayer\FyroxLitePlayer.csproj", "{553DC782-B340-48D5-8FC7-896FE93A9B4D}"
EndProject
Project("{FAE04EC0-301F-11D3-BF4B-00C04F79EFBC}") = "FyroxLiteInternal", "FyroxLiteInternal\FyroxLiteInternal.csproj", "{90185A08-C9A6-4DC5-B63B-0D92D1D22323}"
EndProject
Global
	GlobalSection(SolutionConfigurationPlatforms) = preSolution
		Debug|Any CPU = Debug|Any CPU
		Release|Any CPU = Release|Any CPU
	EndGlobalSection
	GlobalSection(ProjectConfigurationPlatforms) = postSolution
		{440868BA-6472-49A7-B877-710267FA51FC}.Debug|Any CPU.ActiveCfg = Debug|Any CPU
		{440868BA-6472-49A7-B877-710267FA51FC}.Debug|Any CPU.Build.0 = Debug|Any CPU
		{440868BA-6472-49A7-B877-710267FA51FC}.Release|Any CPU.ActiveCfg = Release|Any CPU
		{440868BA-6472-49A7-B877-710267FA51FC}.Release|Any CPU.Build.0 = Release|Any CPU
		{4D986C52-C802-4528-AB64-425F1C5E2358}.Debug|Any CPU.ActiveCfg = Debug|Any CPU
		{4D986C52-C802-4528-AB64-425F1C5E2358}.Debug|Any CPU.Build.0 = Debug|Any CPU
		{4D986C52-C802-4528-AB64-425F1C5E2358}.Release|Any CPU.ActiveCfg = Release|Any CPU
		{4D986C52-C802-4528-AB64-425F1C5E2358}.Release|Any CPU.Build.0 = Release|Any CPU
		{553DC782-B340-48D5-8FC7-896FE93A9B4D}.Debug|Any CPU.ActiveCfg = Debug|Any CPU
		{553DC782-B340-48D5-8FC7-896FE93A9B4D}.Debug|Any CPU.Build.0 = Debug|Any CPU
		{553DC782-B340-48D5-8FC7-896FE93A9B4D}.Release|Any CPU.ActiveCfg = Release|Any CPU
		{553DC782-B340-48D5-8FC7-896FE93A9B4D}.Release|Any CPU.Build.0 = Release|Any CPU
		{90185A08-C9A6-4DC5-B63B-0D92D1D22323}.Debug|Any CPU.ActiveCfg = Debug|Any CPU
		{90185A08-C9A6-4DC5-B63B-0D92D1D22323}.Debug|Any CPU.Build.0 = Debug|Any CPU
		{90185A08-C9A6-4DC5-B63B-0D92D1D22323}.Release|Any CPU.ActiveCfg = Release|Any CPU
		{90185A08-C9A6-4DC5-B63B-0D92D1D22323}.Release|Any CPU.Build.0 = Release|Any CPU
	EndGlobalSection
EndGlobal
