
Microsoft Visual Studio Solution File, Format Version 12.00
# Visual Studio Version 17
VisualStudioVersion = 17.0.31903.59
MinimumVisualStudioVersion = 10.0.40219.1
Project("{2150E333-8FDC-42A3-9474-1A3956D46DE8}") = "cs", "cs", "{E4CCE0A4-4D84-4C55-89C8-D42AEA94814F}"
EndProject
Project("{FAE04EC0-301F-11D3-BF4B-00C04F79EFBC}") = "App01", "App01.csproj", "{8283C612-8EF4-4429-98DC-419F305B1DBA}"
EndProject
Global
	GlobalSection(SolutionConfigurationPlatforms) = preSolution
		Debug|Any CPU = Debug|Any CPU
		Release|Any CPU = Release|Any CPU
	EndGlobalSection
	GlobalSection(SolutionProperties) = preSolution
		HideSolutionNode = FALSE
	EndGlobalSection
	GlobalSection(ProjectConfigurationPlatforms) = postSolution
		{8283C612-8EF4-4429-98DC-419F305B1DBA}.Debug|Any CPU.ActiveCfg = Debug|Any CPU
		{8283C612-8EF4-4429-98DC-419F305B1DBA}.Debug|Any CPU.Build.0 = Debug|Any CPU
		{8283C612-8EF4-4429-98DC-419F305B1DBA}.Release|Any CPU.ActiveCfg = Release|Any CPU
		{8283C612-8EF4-4429-98DC-419F305B1DBA}.Release|Any CPU.Build.0 = Release|Any CPU
	EndGlobalSection
	GlobalSection(NestedProjects) = preSolution
		{8283C612-8EF4-4429-98DC-419F305B1DBA} = {E4CCE0A4-4D84-4C55-89C8-D42AEA94814F}
	EndGlobalSection
EndGlobal
